{
    "_readme": [
        "This file locks the dependencies of your project to a known state",
        "Read more about it at https://getcomposer.org/doc/01-basic-usage.md#installing-dependencies",
        "This file is @generated automatically"
    ],
    "content-hash": "b675702369ab7faeb9706d2c7d772e49",
    "packages": [
        {
            "name": "league/climate",
            "version": "3.11.0",
            "source": {
                "type": "git",
                "url": "https://github.com/thephpleague/climate.git",
                "reference": "66f14fb99570673597856575dfd9a48984fe49b0"
            },
            "dist": {
                "type": "zip",
                "url": "https://api.github.com/repos/thephpleague/climate/zipball/66f14fb99570673597856575dfd9a48984fe49b0",
                "reference": "66f14fb99570673597856575dfd9a48984fe49b0",
                "shasum": ""
            },
            "require": {
                "php": "^7.3 || ^8.0",
                "psr/log": "^1.0 || ^2.0 || ^3.0",
                "seld/cli-prompt": "^1.0"
            },
            "require-dev": {
                "mikey179/vfsstream": "^1.6.12",
                "mockery/mockery": "^1.6.12",
                "phpunit/phpunit": "^9.6.21",
                "squizlabs/php_codesniffer": "^3.10"
            },
            "suggest": {
                "ext-mbstring": "If ext-mbstring is not available you MUST install symfony/polyfill-mbstring"
            },
            "type": "library",
            "autoload": {
                "psr-4": {
                    "League\\CLImate\\": "src/"
                }
            },
            "notification-url": "https://packagist.org/downloads/",
            "license": [
                "MIT"
            ],
            "authors": [
                {
                    "name": "Joe Tannenbaum",
                    "email": "hey@joe.codes",
                    "homepage": "http://joe.codes/",
                    "role": "Developer"
                },
                {
                    "name": "Craig Duncan",
                    "email": "git@duncanc.co.uk",
                    "homepage": "https://github.com/duncan3dc",
                    "role": "Developer"
                }
            ],
            "description": "PHP's best friend for the terminal. CLImate allows you to easily output colored text, special formats, and more.",
            "keywords": [
                "cli",
                "colors",
                "command",
                "php",
                "terminal"
            ],
            "support": {
                "issues": "https://github.com/thephpleague/climate/issues",
                "source": "https://github.com/thephpleague/climate/tree/3.11.0"
            },
            "time": "2026-06-09T11:34:50+00:00"
        },
        {
            "name": "pear/console_commandline",
            "version": "v1.2.6",
            "source": {
                "type": "git",
                "url": "https://github.com/pear/Console_CommandLine.git",
                "reference": "611c5bff2e47ec5a184748cb5fedc2869098ff28"
            },
            "dist": {
                "type": "zip",
                "url": "https://api.github.com/repos/pear/Console_CommandLine/zipball/611c5bff2e47ec5a184748cb5fedc2869098ff28",
                "reference": "611c5bff2e47ec5a184748cb5fedc2869098ff28",
                "shasum": ""
            },
            "require": {
                "ext-dom": "*",
                "ext-xml": "*",
                "pear/pear_exception": "^1.0.0",
                "php": ">=5.3.0"
            },
            "require-dev": {
                "phpunit/phpunit": "*"
            },
            "type": "library",
            "autoload": {
                "psr-0": {
                    "Console": "./"
                },
                "exclude-from-classmap": [
                    "tests/"
                ]
            },
            "notification-url": "https://packagist.org/downloads/",
            "include-path": [
                ""
            ],
            "license": [
                "MIT"
            ],
            "authors": [
                {
                    "name": "Richard Quadling",
                    "email": "rquadling@gmail.com"
                },
                {
                    "name": "David Jean Louis",
                    "email": "izimobil@gmail.com"
                }
            ],
            "description": "A full featured command line options and arguments parser.",
            "homepage": "https://github.com/pear/Console_CommandLine",
            "keywords": [
                "console"
            ],
            "support": {
                "issues": "http://pear.php.net/bugs/search.php?cmd=display&package_name[]=Console_CommandLine",
                "source": "https://github.com/pear/Console_CommandLine"
            },
            "abandoned": true,
            "time": "2023-04-02T18:49:53+00:00"
        },
        {
            "name": "pear/console_getopt",
            "version": "v1.4.3",
            "source": {
                "type": "git",
                "url": "https://github.com/pear/Console_Getopt.git",
                "reference": "a41f8d3e668987609178c7c4a9fe48fecac53fa0"
            },
            "dist": {
                "type": "zip",
                "url": "https://api.github.com/repos/pear/Console_Getopt/zipball/a41f8d3e668987609178c7c4a9fe48fecac53fa0",
                "reference": "a41f8d3e668987609178c7c4a9fe48fecac53fa0",
                "shasum": ""
            },
            "type": "library",
            "autoload": {
                "psr-0": {
                    "Console": "./"
                }
            },
            "notification-url": "https://packagist.org/downloads/",
            "include-path": [
                "./"
            ],
            "license": [
                "BSD-2-Clause"
            ],
            "authors": [
                {
                    "name": "Andrei Zmievski",
                    "email": "andrei@php.net",
                    "role": "Lead"
                },
                {
                    "name": "Stig Bakken",
                    "email": "stig@php.net",
                    "role": "Developer"
                },
                {
                    "name": "Greg Beaver",
                    "email": "cellog@php.net",
                    "role": "Helper"
                }
            ],
            "description": "More info available on: http://pear.php.net/package/Console_Getopt",
            "support": {
                "issues": "http://pear.php.net/bugs/search.php?cmd=display&package_name[]=Console_Getopt",
                "source": "https://github.com/pear/Console_Getopt"
            },
            "time": "2019-11-20T18:27:48+00:00"
        },
        {
            "name": "pear/pear-core-minimal",
            "version": "v1.10.18",
            "source": {
                "type": "git",
                "url": "https://github.com/pear/pear-core-minimal.git",
                "reference": "c7b55789d01de0ce090d289b73f1bbd6a2f113b1"
            },
            "dist": {
                "type": "zip",
                "url": "https://api.github.com/repos/pear/pear-core-minimal/zipball/c7b55789d01de0ce090d289b73f1bbd6a2f113b1",
                "reference": "c7b55789d01de0ce090d289b73f1bbd6a2f113b1",
                "shasum": ""
            },
            "require": {
                "pear/console_getopt": "~1.4",
                "pear/pear_exception": "~1.0",
                "php": ">=5.4"
            },
            "replace": {
                "rsky/pear-core-min": "self.version"
            },
            "type": "library",
            "autoload": {
                "classmap": [
                    "src/"
                ]
            },
            "notification-url": "https://packagist.org/downloads/",
            "include-path": [
                "src/"
            ],
            "license": [
                "BSD-3-Clause"
            ],
            "authors": [
                {
                    "name": "Christian Weiske",
                    "email": "cweiske@php.net",
                    "role": "Lead"
                }
            ],
            "description": "Minimal set of PEAR core files to be used as composer dependency",
            "support": {
                "issues": "http://pear.php.net/bugs/search.php?cmd=display&package_name[]=PEAR",
                "source": "https://github.com/pear/pear-core-minimal"
            },
            "time": "2025-12-14T20:37:07+00:00"
        },
        {
            "name": "pear/pear_exception",
            "version": "v1.0.2",
            "source": {
                "type": "git",
                "url": "https://github.com/pear/PEAR_Exception.git",
                "reference": "b14fbe2ddb0b9f94f5b24cf08783d599f776fff0"
            },
            "dist": {
                "type": "zip",
                "url": "https://api.github.com/repos/pear/PEAR_Exception/zipball/b14fbe2ddb0b9f94f5b24cf08783d599f776fff0",
                "reference": "b14fbe2ddb0b9f94f5b24cf08783d599f776fff0",
                "shasum": ""
            },
            "require": {
                "php": ">=5.2.0"
            },
            "require-dev": {
                "phpunit/phpunit": "<9"
            },
            "type": "class",
            "extra": {
                "branch-alias": {
                    "dev-master": "1.0.x-dev"
                }
            },
            "autoload": {
                "classmap": [
                    "PEAR/"
                ]
            },
            "notification-url": "https://packagist.org/downloads/",
            "include-path": [
                "."
            ],
            "license": [
                "BSD-2-Clause"
            ],
            "authors": [
                {
                    "name": "Helgi Thormar",
                    "email": "dufuz@php.net"
                },
                {
                    "name": "Greg Beaver",
                    "email": "cellog@php.net"
                }
            ],
            "description": "The PEAR Exception base class.",
            "homepage": "https://github.com/pear/PEAR_Exception",
            "keywords": [
                "exception"
            ],
            "support": {
                "issues": "http://pear.php.net/bugs/search.php?cmd=display&package_name[]=PEAR_Exception",
                "source": "https://github.com/pear/PEAR_Exception"
            },
            "time": "2021-03-21T15:43:46+00:00"
        },
        {
            "name": "psr/log",
            "version": "3.0.2",
            "source": {
                "type": "git",
                "url": "https://github.com/php-fig/log.git",
                "reference": "f16e1d5863e37f8d8c2a01719f5b34baa2b714d3"
            },
            "dist": {
                "type": "zip",
                "url": "https://api.github.com/repos/php-fig/log/zipball/f16e1d5863e37f8d8c2a01719f5b34baa2b714d3",
                "reference": "f16e1d5863e37f8d8c2a01719f5b34baa2b714d3",
                "shasum": ""
            },
            "require": {
                "php": ">=8.0.0"
            },
            "type": "library",
            "extra": {
                "branch-alias": {
                    "dev-master": "3.x-dev"
                }
            },
            "autoload": {
                "psr-4": {
                    "Psr\\Log\\": "src"
                }
            },
            "notification-url": "https://packagist.org/downloads/",
            "license": [
                "MIT"
            ],
            "authors": [
                {
                    "name": "PHP-FIG",
                    "homepage": "https://www.php-fig.org/"
                }
            ],
            "description": "Common interface for logging libraries",
            "homepage": "https://github.com/php-fig/log",
            "keywords": [
                "log",
                "psr",
                "psr-3"
            ],
            "support": {
                "source": "https://github.com/php-fig/log/tree/3.0.2"
            },
            "time": "2024-09-11T13:17:53+00:00"
        },
        {
            "name": "seld/cli-prompt",
            "version": "1.0.4",
            "source": {
                "type": "git",
                "url": "https://github.com/Seldaek/cli-prompt.git",
                "reference": "b8dfcf02094b8c03b40322c229493bb2884423c5"
            },
            "dist": {
                "type": "zip",
                "url": "https://api.github.com/repos/Seldaek/cli-prompt/zipball/b8dfcf02094b8c03b40322c229493bb2884423c5",
                "reference": "b8dfcf02094b8c03b40322c229493bb2884423c5",
                "shasum": ""
            },
            "require": {
                "php": ">=5.3"
            },
            "require-dev": {
                "phpstan/phpstan": "^0.12.63"
            },
            "type": "library",
            "extra": {
                "branch-alias": {
                    "dev-master": "1.x-dev"
                }
            },
            "autoload": {
                "psr-4": {
                    "Seld\\CliPrompt\\": "src/"
                }
            },
            "notification-url": "https://packagist.org/downloads/",
            "license": [
                "MIT"
            ],
            "authors": [
                {
                    "name": "Jordi Boggiano",
                    "email": "j.boggiano@seld.be"
                }
            ],
            "description": "Allows you to prompt for user input on the command line, and optionally hide the characters they type",
            "keywords": [
                "cli",
                "console",
                "hidden",
                "input",
                "prompt"
            ],
            "support": {
                "issues": "https://github.com/Seldaek/cli-prompt/issues",
                "source": "https://github.com/Seldaek/cli-prompt/tree/1.0.4"
            },
            "time": "2020-12-15T21:32:01+00:00"
        },
        {
            "name": "silverorange/concentrate",
            "version": "3.1.0",
            "source": {
                "type": "git",
                "url": "https://github.com/silverorange/Concentrate.git",
                "reference": "b519b88829f863575a8efda4ff40435a67829f59"
            },
            "dist": {
                "type": "zip",
                "url": "https://api.github.com/repos/silverorange/Concentrate/zipball/b519b88829f863575a8efda4ff40435a67829f59",
                "reference": "b519b88829f863575a8efda4ff40435a67829f59",
                "shasum": ""
            },
            "require": {
                "ext-mbstring": "*",
                "league/climate": "^3.8",
                "pear/console_commandline": "^1.1.10",
                "pear/pear-core-minimal": "^1.9.0",
                "php": ">=8.2",
                "symfony/yaml": "^7.1"
            },
            "require-dev": {
                "friendsofphp/php-cs-fixer": "3.88.2",
                "phpstan/phpstan": "^2.2",
                "rector/rector": "^2.4"
            },
            "suggest": {
                "ext-apcu": "Allows caching resource definition YAML files between requests using APC.",
                "ext-memcached": "Allows caching resource definition YAML files between requests using memcached.",
                "packagelist/yuicompressor-bin": "Use YUI Compressor for minification of assets."
            },
            "bin": [
                "scripts/concentrate"
            ],
            "type": "library",
            "autoload": {
                "psr-0": {
                    "Concentrate": ""
                }
            },
            "notification-url": "https://packagist.org/downloads/",
            "license": [
                "LGPL-2.1"
            ],
            "authors": [
                {
                    "name": "Michael Gauthier",
                    "email": "mike@silverorange.com"
                }
            ],
            "description": "This package provides a command-line tool to glob and minify static resources for a website using silverorange's Site package. Files are combined according to a configuration file passed on the command-line.",
            "homepage": "https://github.com/silverorange/Concentrate",
            "keywords": [
                "bundle",
                "css",
                "javascript",
                "less",
                "minification"
            ],
            "support": {
                "issues": "https://github.com/silverorange/Concentrate/issues",
                "source": "https://github.com/silverorange/Concentrate/tree/3.1.0"
            },
            "time": "2026-07-09T16:23:19+00:00"
        },
        {
            "name": "silverorange/mdb2",
            "version": "3.2.0",
            "source": {
                "type": "git",
                "url": "https://github.com/silverorange/MDB2.git",
                "reference": "a832e074375fca330074949339645a8dab21242b"
            },
            "dist": {
                "type": "zip",
                "url": "https://api.github.com/repos/silverorange/MDB2/zipball/a832e074375fca330074949339645a8dab21242b",
                "reference": "a832e074375fca330074949339645a8dab21242b",
                "shasum": ""
            },
            "require": {
                "ext-mbstring": "*",
                "pear/pear-core-minimal": "^1.9.0",
                "php": ">=8.2"
            },
            "require-dev": {
                "friendsofphp/php-cs-fixer": "^3.88",
                "phpstan/phpstan": "^2.2",
                "rector/rector": "^2.4"
            },
            "type": "library",
            "autoload": {
                "files": [
                    "MDB2.php"
                ],
                "psr-0": {
                    "MDB2": ""
                }
            },
            "notification-url": "https://packagist.org/downloads/",
            "license": [
                "BSD-2-Clause"
            ],
            "authors": [
                {
                    "name": "Michael Gauthier",
                    "email": "mike@silverorange.com"
                }
            ],
            "description": "PEAR MDB2 is a merge of the PEAR DB and Metabase php database abstraction layers.",
            "homepage": "https://github.com/silverorange/MDB2",
            "keywords": [
                "database",
                "dbal",
                "metabase",
                "orm"
            ],
            "support": {
                "source": "https://github.com/silverorange/MDB2/tree/3.2.0"
            },
            "time": "2026-07-09T16:46:39+00:00"
        },
        {
            "name": "silverorange/swat",
            "version": "7.10.0",
            "source": {
                "type": "git",
                "url": "https://github.com/silverorange/swat.git",
                "reference": "b179d8d308793e6f39bc7a87720168e39454758e"
            },
            "dist": {
                "type": "zip",
                "url": "https://api.github.com/repos/silverorange/swat/zipball/b179d8d308793e6f39bc7a87720168e39454758e",
                "reference": "b179d8d308793e6f39bc7a87720168e39454758e",
                "shasum": ""
            },
            "require": {
                "ext-dom": "*",
                "ext-iconv": "*",
                "ext-intl": "*",
                "ext-mbstring": "*",
                "ext-pcre": "*",
                "pear/pear_exception": "^1.0.2",
                "php": ">=8.2",
                "silverorange/concentrate": "^3.1.0",
                "silverorange/mdb2": "^3.2.0",
                "silverorange/yui": "^1.0.13"
            },
            "require-dev": {
                "friendsofphp/php-cs-fixer": "3.88.2",
                "phpstan/phpstan": "^2.2",
                "phpunit/phpunit": "^11.5",
                "rector/rector": "^2.4"
            },
            "type": "library",
            "autoload": {
                "classmap": [
                    "Swat/",
                    "SwatDB/",
                    "SwatI18N/"
                ]
            },
            "notification-url": "https://packagist.org/downloads/",
            "license": [
                "LGPL-2.1"
            ],
            "authors": [
                {
                    "name": "Charles Waddell",
                    "email": "charles@silverorange.com"
                },
                {
                    "name": "Isaac Grant",
                    "email": "isaac@silverorange.com"
                },
                {
                    "name": "Michael Gauthier",
                    "email": "mike@silverorange.com"
                },
                {
                    "name": "Nathan Frederikson",
                    "email": "nathan@silverorange.com"
                },
                {
                    "name": "Nick Burka",
                    "email": "nick@silverorange.com"
                },
                {
                    "name": "Steven Garrity",
                    "email": "steven@silverorange.com"
                },
                {
                    "name": "Colin Viebrock",
                    "email": "colin@silverorange.com"
                }
            ],
            "description": "Web application toolkit.",
            "homepage": "https://github.com/silverorange.com/swat",
            "keywords": [
                "swat",
                "toolkit",
                "widget"
            ],
            "support": {
                "issues": "https://github.com/silverorange/swat/issues",
                "source": "https://github.com/silverorange/swat/tree/7.10.0"
            },
            "time": "2026-07-15T18:13:34+00:00"
        },
        {
            "name": "silverorange/yui",
            "version": "1.0.13",
            "source": {
                "type": "git",
                "url": "https://github.com/silverorange/yui.git",
                "reference": "c3c9755d9a07570d40955be4bd21703140a322fa"
            },
            "dist": {
                "type": "zip",
                "url": "https://api.github.com/repos/silverorange/yui/zipball/c3c9755d9a07570d40955be4bd21703140a322fa",
                "reference": "c3c9755d9a07570d40955be4bd21703140a322fa",
                "shasum": ""
            },
            "require": {
                "php": ">=5.2.1"
            },
            "type": "library",
            "notification-url": "https://packagist.org/downloads/",
            "license": [
                "BSD-3-Clause"
            ],
            "authors": [
                {
                    "name": "Michael Gauthier",
                    "email": "mike@silverorange.com"
                }
            ],
            "description": "Custom packaged version of YUI2.",
            "homepage": "https://github.com/silverorange/yui",
            "keywords": [
                "yui"
            ],
            "support": {
                "issues": "https://github.com/silverorange/yui/issues",
                "source": "https://github.com/silverorange/yui/tree/1.0.13"
            },
            "time": "2026-07-09T16:04:31+00:00"
        },
        {
            "name": "symfony/deprecation-contracts",
            "version": "v3.7.1",
            "source": {
                "type": "git",
                "url": "https://github.com/symfony/deprecation-contracts.git",
                "reference": "f3202fa1b5097b0af062dc978b32ecf63404e31d"
            },
            "dist": {
                "type": "zip",
                "url": "https://api.github.com/repos/symfony/deprecation-contracts/zipball/f3202fa1b5097b0af062dc978b32ecf63404e31d",
                "reference": "f3202fa1b5097b0af062dc978b32ecf63404e31d",
                "shasum": ""
            },
            "require": {
                "php": ">=8.1"
            },
            "type": "library",
            "extra": {
                "thanks": {
                    "url": "https://github.com/symfony/contracts",
                    "name": "symfony/contracts"
                },
                "branch-alias": {
                    "dev-main": "3.7-dev"
                }
            },
            "autoload": {
                "files": [
                    "function.php"
                ]
            },
            "notification-url": "https://packagist.org/downloads/",
            "license": [
                "MIT"
            ],
            "authors": [
                {
                    "name": "Nicolas Grekas",
                    "email": "p@tchwork.com"
                },
                {
                    "name": "Symfony Community",
                    "homepage": "https://symfony.com/contributors"
                }
            ],
            "description": "A generic function and convention to trigger deprecation notices",
            "homepage": "https://symfony.com",
            "support": {
                "source": "https://github.com/symfony/deprecation-contracts/tree/v3.7.1"
            },
            "funding": [
                {
                    "url": "https://symfony.com/sponsor",
                    "type": "custom"
                },
                {
                    "url": "https://github.com/fabpot",
                    "type": "github"
                },
                {
                    "url": "https://github.com/nicolas-grekas",
                    "type": "github"
                },
                {
                    "url": "https://tidelift.com/funding/github/packagist/symfony/symfony",
                    "type": "tidelift"
                }
            ],
            "time": "2026-06-05T06:23:12+00:00"
        },
        {
            "name": "symfony/polyfill-ctype",
            "version": "v1.37.0",
            "source": {
                "type": "git",
                "url": "https://github.com/symfony/polyfill-ctype.git",
                "reference": "141046a8f9477948ff284fa65be2095baafb94f2"
            },
            "dist": {
                "type": "zip",
                "url": "https://api.github.com/repos/symfony/polyfill-ctype/zipball/141046a8f9477948ff284fa65be2095baafb94f2",
                "reference": "141046a8f9477948ff284fa65be2095baafb94f2",
                "shasum": ""
            },
            "require": {
                "php": ">=7.2"
            },
            "provide": {
                "ext-ctype": "*"
            },
            "suggest": {
                "ext-ctype": "For best performance"
            },
            "type": "library",
            "extra": {
                "thanks": {
                    "url": "https://github.com/symfony/polyfill",
                    "name": "symfony/polyfill"
                }
            },
            "autoload": {
                "files": [
                    "bootstrap.php"
                ],
                "psr-4": {
                    "Symfony\\Polyfill\\Ctype\\": ""
                }
            },
            "notification-url": "https://packagist.org/downloads/",
            "license": [
                "MIT"
            ],
            "authors": [
                {
                    "name": "Gert de Pagter",
                    "email": "BackEndTea@gmail.com"
                },
                {
                    "name": "Symfony Community",
                    "homepage": "https://symfony.com/contributors"
                }
            ],
            "description": "Symfony polyfill for ctype functions",
            "homepage": "https://symfony.com",
            "keywords": [
                "compatibility",
                "ctype",
                "polyfill",
                "portable"
            ],
            "support": {
                "source": "https://github.com/symfony/polyfill-ctype/tree/v1.37.0"
            },
            "funding": [
                {
                    "url": "https://symfony.com/sponsor",
                    "type": "custom"
                },
                {
                    "url": "https://github.com/fabpot",
                    "type": "github"
                },
                {
                    "url": "https://github.com/nicolas-grekas",
                    "type": "github"
                },
                {
                    "url": "https://tidelift.com/funding/github/packagist/symfony/symfony",
                    "type": "tidelift"
                }
            ],
            "time": "2026-04-10T16:19:22+00:00"
        },
        {
            "name": "symfony/yaml",
            "version": "v7.4.14",
            "source": {
                "type": "git",
                "url": "https://github.com/symfony/yaml.git",
                "reference": "f8f328665ace2370d1e10645b807ba1646dc7dcc"
            },
            "dist": {
                "type": "zip",
                "url": "https://api.github.com/repos/symfony/yaml/zipball/f8f328665ace2370d1e10645b807ba1646dc7dcc",
                "reference": "f8f328665ace2370d1e10645b807ba1646dc7dcc",
                "shasum": ""
            },
            "require": {
                "php": ">=8.2",
                "symfony/deprecation-contracts": "^2.5|^3",
                "symfony/polyfill-ctype": "^1.8"
            },
            "conflict": {
                "symfony/console": "<6.4"
            },
            "require-dev": {
                "symfony/console": "^6.4|^7.0|^8.0"
            },
            "bin": [
                "Resources/bin/yaml-lint"
            ],
            "type": "library",
            "autoload": {
                "psr-4": {
                    "Symfony\\Component\\Yaml\\": ""
                },
                "exclude-from-classmap": [
                    "/Tests/"
                ]
            },
            "notification-url": "https://packagist.org/downloads/",
            "license": [
                "MIT"
            ],
            "authors": [
                {
                    "name": "Fabien Potencier",
                    "email": "fabien@symfony.com"
                },
                {
                    "name": "Symfony Community",
                    "homepage": "https://symfony.com/contributors"
                }
            ],
            "description": "Loads and dumps YAML files",
            "homepage": "https://symfony.com",
            "support": {
                "source": "https://github.com/symfony/yaml/tree/v7.4.14"
            },
            "funding": [
                {
                    "url": "https://symfony.com/sponsor",
                    "type": "custom"
                },
                {
                    "url": "https://github.com/fabpot",
                    "type": "github"
                },
                {
                    "url": "https://github.com/nicolas-grekas",
                    "type": "github"
                },
                {
                    "url": "https://tidelift.com/funding/github/packagist/symfony/symfony",
                    "type": "tidelift"
                }
            ],
            "time": "2026-06-08T20:24:16+00:00"
        }
    ],
    "packages-dev": [],
    "aliases": [],
    "minimum-stability": "stable",
    "stability-flags": {},
    "prefer-stable": false,
    "prefer-lowest": false,
    "platform": {
        "php": ">=5.3.0"
    },
    "platform-dev": {},
    "plugin-api-version": "2.9.0"
}
